
Microsoft Visual Studio Solution File, Format Version 12.00
# Visual Studio Version 16
VisualStudioVersion = 16.0.34301.259
MinimumVisualStudioVersion = 10.0.40219.1
Project("{FAE04EC0-301F-11D3-BF4B-00C04F79EFBC}") = "DrvInstExt", "DrvInstExt\DrvInstExt.csproj", "{B5D661F5-6709-4EE9-9038-40D6B072B61C}"
	ProjectSection(ProjectDependencies) = postProject
		{CED0CF40-A644-4178-9A7F-2819E0289D07} = {CED0CF40-A644-4178-9A7F-2819E0289D07}
		{A35EFD9E-4E2D-43DE-A380-2B3B068C4E8F} = {A35EFD9E-4E2D-43DE-A380-2B3B068C4E8F}
	EndProjectSection
EndProject
Project("{8BC9CEB8-8B4A-11D0-8D11-00A0C91BC942}") = "DrvInstCA", "DrvInstCA\DrvInstCA.vcxproj", "{A35EFD9E-4E2D-43DE-A380-2B3B068C4E8F}"
EndProject
Project("{930C7802-8A8C-48F9-8165-68863BCCD9DD}") = "DrvInstLib", "DrvInstLib\DrvInstLib.wixproj", "{CED0CF40-A644-4178-9A7F-2819E0289D07}"
	ProjectSection(ProjectDependencies) = postProject
		{A35EFD9E-4E2D-43DE-A380-2B3B068C4E8F} = {A35EFD9E-4E2D-43DE-A380-2B3B068C4E8F}
	EndProjectSection
EndProject
Global
	GlobalSection(SolutionConfigurationPlatforms) = preSolution
		Debug|Win32 = Debug|Win32
		Debug|x64 = Debug|x64
		Debug|x86 = Debug|x86
		Release|Win32 = Release|Win32
		Release|x64 = Release|x64
		Release|x86 = Release|x86
	EndGlobalSection
	GlobalSection(ProjectConfigurationPlatforms) = postSolution
		{B5D661F5-6709-4EE9-9038-40D6B072B61C}.Debug|Win32.ActiveCfg = Debug|x86
		{B5D661F5-6709-4EE9-9038-40D6B072B61C}.Debug|Win32.Build.0 = Debug|x86
		{B5D661F5-6709-4EE9-9038-40D6B072B61C}.Debug|x64.ActiveCfg = Debug|x64
		{B5D661F5-6709-4EE9-9038-40D6B072B61C}.Debug|x64.Build.0 = Debug|x64
		{B5D661F5-6709-4EE9-9038-40D6B072B61C}.Debug|x86.ActiveCfg = Debug|x86
		{B5D661F5-6709-4EE9-9038-40D6B072B61C}.Debug|x86.Build.0 = Debug|x86
		{B5D661F5-6709-4EE9-9038-40D6B072B61C}.Release|Win32.ActiveCfg = Release|x86
		{B5D661F5-6709-4EE9-9038-40D6B072B61C}.Release|Win32.Build.0 = Release|x86
		{B5D661F5-6709-4EE9-9038-40D6B072B61C}.Release|x64.ActiveCfg = Release|x64
		{B5D661F5-6709-4EE9-9038-40D6B072B61C}.Release|x64.Build.0 = Release|x64
		{B5D661F5-6709-4EE9-9038-40D6B072B61C}.Release|x86.ActiveCfg = Release|x86
		{B5D661F5-6709-4EE9-9038-40D6B072B61C}.Release|x86.Build.0 = Release|x86
		{A35EFD9E-4E2D-43DE-A380-2B3B068C4E8F}.Debug|Win32.ActiveCfg = Debug|Win32
		{A35EFD9E-4E2D-43DE-A380-2B3B068C4E8F}.Debug|Win32.Build.0 = Debug|Win32
		{A35EFD9E-4E2D-43DE-A380-2B3B068C4E8F}.Debug|x64.ActiveCfg = Debug|x64
		{A35EFD9E-4E2D-43DE-A380-2B3B068C4E8F}.Debug|x64.Build.0 = Debug|x64
		{A35EFD9E-4E2D-43DE-A380-2B3B068C4E8F}.Debug|x86.ActiveCfg = Debug|Win32
		{A35EFD9E-4E2D-43DE-A380-2B3B068C4E8F}.Release|Win32.ActiveCfg = Release|Win32
		{A35EFD9E-4E2D-43DE-A380-2B3B068C4E8F}.Release|Win32.Build.0 = Release|Win32
		{A35EFD9E-4E2D-43DE-A380-2B3B068C4E8F}.Release|x64.ActiveCfg = Release|x64
		{A35EFD9E-4E2D-43DE-A380-2B3B068C4E8F}.Release|x64.Build.0 = Release|x64
		{A35EFD9E-4E2D-43DE-A380-2B3B068C4E8F}.Release|x86.ActiveCfg = Release|Win32
		{A35EFD9E-4E2D-43DE-A380-2B3B068C4E8F}.Release|x86.Build.0 = Release|Win32
		{CED0CF40-A644-4178-9A7F-2819E0289D07}.Debug|Win32.ActiveCfg = Debug|x86
		{CED0CF40-A644-4178-9A7F-2819E0289D07}.Debug|Win32.Build.0 = Debug|x86
		{CED0CF40-A644-4178-9A7F-2819E0289D07}.Debug|x64.ActiveCfg = Debug|x86
		{CED0CF40-A644-4178-9A7F-2819E0289D07}.Debug|x86.ActiveCfg = Debug|x86
		{CED0CF40-A644-4178-9A7F-2819E0289D07}.Debug|x86.Build.0 = Debug|x86
		{CED0CF40-A644-4178-9A7F-2819E0289D07}.Release|Win32.ActiveCfg = Release|x86
		{CED0CF40-A644-4178-9A7F-2819E0289D07}.Release|Win32.Build.0 = Release|x86
		{CED0CF40-A644-4178-9A7F-2819E0289D07}.Release|x64.ActiveCfg = Release|x64
		{CED0CF40-A644-4178-9A7F-2819E0289D07}.Release|x64.Build.0 = Release|x64
		{CED0CF40-A644-4178-9A7F-2819E0289D07}.Release|x86.ActiveCfg = Release|x86
		{CED0CF40-A644-4178-9A7F-2819E0289D07}.Release|x86.Build.0 = Release|x86
	EndGlobalSection
	GlobalSection(SolutionProperties) = preSolution
		HideSolutionNode = FALSE
	EndGlobalSection
	GlobalSection(ExtensibilityGlobals) = postSolution
		SolutionGuid = {FDAD9EB2-1EB1-409C-A8DD-917852CCB3B1}
	EndGlobalSection
EndGlobal
